{
  "name": "@tsonic/nodejs",
  "version": "10.0.49-next.0",
  "lockfileVersion": 3,
  "requires": true,
  "packages": {
    "": {
      "name": "@tsonic/nodejs",
      "version": "10.0.49-next.0",
      "license": "MIT",
      "dependencies": {
        "@tsonic/core": "10.0.40",
        "@tsonic/dotnet": "10.0.40",
        "@tsonic/js": "10.0.48"
      }
    },
    "node_modules/@tsonic/core": {
      "version": "10.0.40",
      "resolved": "https://registry.npmjs.org/@tsonic/core/-/core-10.0.40.tgz",
      "integrity": "sha512-nE61iK56w+P7HTCTzRppoubEWMnDGQqRajg8mM+quD/qS4WkPS1agj3ehewOLvjgmZa045kFBdsAgs9CthrQgA==",
      "license": "MIT",
      "peerDependencies": {
        "@tsonic/dotnet": "10.0.40"
      }
    },
    "node_modules/@tsonic/dotnet": {
      "version": "10.0.40",
      "resolved": "https://registry.npmjs.org/@tsonic/dotnet/-/dotnet-10.0.40.tgz",
      "integrity": "sha512-yBUl6bWtxA9VHvqHFMYJV1FcT9dUl0oJfCD6m8sQj4U/159aazuUGu44h7r4u6wEkjTqGtsI9KMqzKJ6fVpO9Q==",
      "license": "MIT",
      "peerDependencies": {
        "@tsonic/core": "10.0.40"
      }
    },
    "node_modules/@tsonic/js": {
      "version": "10.0.48",
      "resolved": "https://registry.npmjs.org/@tsonic/js/-/js-10.0.48.tgz",
      "integrity": "sha512-KaNwrHY3e9A5GBa/a9E3RIW7Rv8Hu7E7hkm2bCV2vvmnHTdfKqRo0+uqdziXZBXJH1BIIG1oXL6xVDfdpu+TqA==",
      "license": "MIT",
      "dependencies": {
        "@tsonic/core": "10.0.40",
        "@tsonic/dotnet": "10.0.40"
      }
    }
  }
}
